// !$*UTF8*$!
{
	archiveVersion = 1;
	classes = {
	};
	objectVersion = 56;
	objects = {

/* Begin PBXBuildFile section */
		D3300E342BE1172A009EE076 /* SwiftUI_UIKit_InteroperabilityApp.swift in Sources */ = {isa = PBXBuildFile; fileRef = D3300E332BE1172A009EE076 /* SwiftUI_UIKit_InteroperabilityApp.swift */; };
		D3300E362BE1172A009EE076 /* ContentView.swift in Sources */ = {isa = PBXBuildFile; fileRef = D3300E352BE1172A009EE076 /* ContentView.swift */; };
		D3300E382BE1172D009EE076 /* Assets.xcassets in Resources */ = {isa = PBXBuildFile; fileRef = D3300E372BE1172D009EE076 /* Assets.xcassets */; };
		D3300E3B2BE1172D009EE076 /* Preview Assets.xcassets in Resources */ = {isa = PBXBuildFile; fileRef = D3300E3A2BE1172D009EE076 /* Preview Assets.xcassets */; };
		D3300E472BE11814009EE076 /* SwiftUIView.swift in Sources */ = {isa = PBXBuildFile; fileRef = D3300E462BE11814009EE076 /* SwiftUIView.swift */; };
		D3300E492BE11829009EE076 /* PokemonListView.swift in Sources */ = {isa = PBXBuildFile; fileRef = D3300E482BE11829009EE076 /* PokemonListView.swift */; };
		D3300E4B2BE11849009EE076 /* PokemonDetailView.swift in Sources */ = {isa = PBXBuildFile; fileRef = D3300E4A2BE11849009EE076 /* PokemonDetailView.swift */; };
		D3300E4D2BE11868009EE076 /* PokemonDataService.swift in Sources */ = {isa = PBXBuildFile; fileRef = D3300E4C2BE11868009EE076 /* PokemonDataService.swift */; };
		D3300E4F2BE11883009EE076 /* ImageService.swift in Sources */ = {isa = PBXBuildFile; fileRef = D3300E4E2BE11883009EE076 /* ImageService.swift */; };
		D3300E512BE118A8009EE076 /* Pokemon.swift in Sources */ = {isa = PBXBuildFile; fileRef = D3300E502BE118A8009EE076 /* Pokemon.swift */; };
		D3300E532BE118C4009EE076 /* Response.swift in Sources */ = {isa = PBXBuildFile; fileRef = D3300E522BE118C4009EE076 /* Response.swift */; };
		D3300E552BE118E9009EE076 /* PokemonViewModel.swift in Sources */ = {isa = PBXBuildFile; fileRef = D3300E542BE118E9009EE076 /* PokemonViewModel.swift */; };
		D3300E572BE11918009EE076 /* UIKitViewControllerWrapper.swift in Sources */ = {isa = PBXBuildFile; fileRef = D3300E562BE11918009EE076 /* UIKitViewControllerWrapper.swift */; };
		D3300E5A2BE1194A009EE076 /* PokemonCell.xib in Resources */ = {isa = PBXBuildFile; fileRef = D3300E582BE1194A009EE076 /* PokemonCell.xib */; };
		D3300E5B2BE1194A009EE076 /* PokemonCell.swift in Sources */ = {isa = PBXBuildFile; fileRef = D3300E592BE1194A009EE076 /* PokemonCell.swift */; };
		D3300E602BE1196C009EE076 /* PokemonTableViewController.swift in Sources */ = {isa = PBXBuildFile; fileRef = D3300E5C2BE1196C009EE076 /* PokemonTableViewController.swift */; };
		D3300E612BE1196C009EE076 /* PokemonTableViewController.xib in Resources */ = {isa = PBXBuildFile; fileRef = D3300E5D2BE1196C009EE076 /* PokemonTableViewController.xib */; };
		D3300E622BE1196C009EE076 /* PokemonDetailViewController.swift in Sources */ = {isa = PBXBuildFile; fileRef = D3300E5E2BE1196C009EE076 /* PokemonDetailViewController.swift */; };
		D3300E632BE1196C009EE076 /* PokemonDetailViewController.xib in Resources */ = {isa = PBXBuildFile; fileRef = D3300E5F2BE1196C009EE076 /* PokemonDetailViewController.xib */; };
		D3300E652BE12046009EE076 /* PokemonItemView.swift in Sources */ = {isa = PBXBuildFile; fileRef = D3300E642BE12046009EE076 /* PokemonItemView.swift */; };
/* End PBXBuildFile section */

/* Begin PBXFileReference section */
		D3300E302BE1172A009EE076 /* SwiftUI-UIKit-Interoperability.app */ = {isa = PBXFileReference; explicitFileType = wrapper.application; includeInIndex = 0; path = "SwiftUI-UIKit-Interoperability.app"; sourceTree = BUILT_PRODUCTS_DIR; };
		D3300E332BE1172A009EE076 /* SwiftUI_UIKit_InteroperabilityApp.swift */ = {isa = PBXFileReference; lastKnownFileType = sourcecode.swift; path = SwiftUI_UIKit_InteroperabilityApp.swift; sourceTree = "<group>"; };
		D3300E352BE1172A009EE076 /* ContentView.swift */ = {isa = PBXFileReference; lastKnownFileType = sourcecode.swift; path = ContentView.swift; sourceTree = "<group>"; };
		D3300E372BE1172D009EE076 /* Assets.xcassets */ = {isa = PBXFileReference; lastKnownFileType = folder.assetcatalog; path = Assets.xcassets; sourceTree = "<group>"; };
		D3300E3A2BE1172D009EE076 /* Preview Assets.xcassets */ = {isa = PBXFileReference; lastKnownFileType = folder.assetcatalog; path = "Preview Assets.xcassets"; sourceTree = "<group>"; };
		D3300E462BE11814009EE076 /* SwiftUIView.swift */ = {isa = PBXFileReference; lastKnownFileType = sourcecode.swift; path = SwiftUIView.swift; sourceTree = "<group>"; };
		D3300E482BE11829009EE076 /* PokemonListView.swift */ = {isa = PBXFileReference; lastKnownFileType = sourcecode.swift; path = PokemonListView.swift; sourceTree = "<group>"; };
		D3300E4A2BE11849009EE076 /* PokemonDetailView.swift */ = {isa = PBXFileReference; lastKnownFileType = sourcecode.swift; path = PokemonDetailView.swift; sourceTree = "<group>"; };
		D3300E4C2BE11868009EE076 /* PokemonDataService.swift */ = {isa = PBXFileReference; lastKnownFileType = sourcecode.swift; path = PokemonDataService.swift; sourceTree = "<group>"; };
		D3300E4E2BE11883009EE076 /* ImageService.swift */ = {isa = PBXFileReference; lastKnownFileType = sourcecode.swift; path = ImageService.swift; sourceTree = "<group>"; };
		D3300E502BE118A8009EE076 /* Pokemon.swift */ = {isa = PBXFileReference; lastKnownFileType = sourcecode.swift; path = Pokemon.swift; sourceTree = "<group>"; };
		D3300E522BE118C4009EE076 /* Response.swift */ = {isa = PBXFileReference; lastKnownFileType = sourcecode.swift; path = Response.swift; sourceTree = "<group>"; };
		D3300E542BE118E9009EE076 /* PokemonViewModel.swift */ = {isa = PBXFileReference; lastKnownFileType = sourcecode.swift; path = PokemonViewModel.swift; sourceTree = "<group>"; };
		D3300E562BE11918009EE076 /* UIKitViewControllerWrapper.swift */ = {isa = PBXFileReference; lastKnownFileType = sourcecode.swift; path = UIKitViewControllerWrapper.swift; sourceTree = "<group>"; };
		D3300E582BE1194A009EE076 /* PokemonCell.xib */ = {isa = PBXFileReference; fileEncoding = 4; lastKnownFileType = file.xib; path = PokemonCell.xib; sourceTree = "<group>"; };
		D3300E592BE1194A009EE076 /* PokemonCell.swift */ = {isa = PBXFileReference; fileEncoding = 4; lastKnownFileType = sourcecode.swift; path = PokemonCell.swift; sourceTree = "<group>"; };
		D3300E5C2BE1196C009EE076 /* PokemonTableViewController.swift */ = {isa = PBXFileReference; fileEncoding = 4; lastKnownFileType = sourcecode.swift; path = PokemonTableViewController.swift; sourceTree = "<group>"; };
		D3300E5D2BE1196C009EE076 /* PokemonTableViewController.xib */ = {isa = PBXFileReference; fileEncoding = 4; lastKnownFileType = file.xib; path = PokemonTableViewController.xib; sourceTree = "<group>"; };
		D3300E5E2BE1196C009EE076 /* PokemonDetailViewController.swift */ = {isa = PBXFileReference; fileEncoding = 4; lastKnownFileType = sourcecode.swift; path = PokemonDetailViewController.swift; sourceTree = "<group>"; };
		D3300E5F2BE1196C009EE076 /* PokemonDetailViewController.xib */ = {isa = PBXFileReference; fileEncoding = 4; lastKnownFileType = file.xib; path = PokemonDetailViewController.xib; sourceTree = "<group>"; };
		D3300E642BE12046009EE076 /* PokemonItemView.swift */ = {isa = PBXFileReference; lastKnownFileType = sourcecode.swift; path = PokemonItemView.swift; sourceTree = "<group>"; };
/* End PBXFileReference section */

/* Begin PBXFrameworksBuildPhase section */
		D3300E2D2BE1172A009EE076 /* Frameworks */ = {
			isa = PBXFrameworksBuildPhase;
			buildActionMask = 2147483647;
			files = (
			);
			runOnlyForDeploymentPostprocessing = 0;
		};
/* End PBXFrameworksBuildPhase section */

/* Begin PBXGroup section */
		D3300E272BE1172A009EE076 = {
			isa = PBXGroup;
			children = (
				D3300E322BE1172A009EE076 /* SwiftUI-UIKit-Interoperability */,
				D3300E312BE1172A009EE076 /* Products */,
			);
			sourceTree = "<group>";
		};
		D3300E312BE1172A009EE076 /* Products */ = {
			isa = PBXGroup;
			children = (
				D3300E302BE1172A009EE076 /* SwiftUI-UIKit-Interoperability.app */,
			);
			name = Products;
			sourceTree = "<group>";
		};
		D3300E322BE1172A009EE076 /* SwiftUI-UIKit-Interoperability */ = {
			isa = PBXGroup;
			children = (
				D3300E662BE120CD009EE076 /* Core */,
				D3300E422BE117BA009EE076 /* Service */,
				D3300E412BE117A4009EE076 /* Model */,
				D3300E432BE117C0009EE076 /* ViewModel */,
				D3300E442BE117C7009EE076 /* UIKit */,
				D3300E452BE117DA009EE076 /* SwiftUI */,
				D3300E372BE1172D009EE076 /* Assets.xcassets */,
				D3300E392BE1172D009EE076 /* Preview Content */,
			);
			path = "SwiftUI-UIKit-Interoperability";
			sourceTree = "<group>";
		};
		D3300E392BE1172D009EE076 /* Preview Content */ = {
			isa = PBXGroup;
			children = (
				D3300E3A2BE1172D009EE076 /* Preview Assets.xcassets */,
			);
			path = "Preview Content";
			sourceTree = "<group>";
		};
		D3300E412BE117A4009EE076 /* Model */ = {
			isa = PBXGroup;
			children = (
				D3300E502BE118A8009EE076 /* Pokemon.swift */,
				D3300E522BE118C4009EE076 /* Response.swift */,
			);
			path = Model;
			sourceTree = "<group>";
		};
		D3300E422BE117BA009EE076 /* Service */ = {
			isa = PBXGroup;
			children = (
				D3300E4C2BE11868009EE076 /* PokemonDataService.swift */,
				D3300E4E2BE11883009EE076 /* ImageService.swift */,
			);
			path = Service;
			sourceTree = "<group>";
		};
		D3300E432BE117C0009EE076 /* ViewModel */ = {
			isa = PBXGroup;
			children = (
				D3300E542BE118E9009EE076 /* PokemonViewModel.swift */,
			);
			path = ViewModel;
			sourceTree = "<group>";
		};
		D3300E442BE117C7009EE076 /* UIKit */ = {
			isa = PBXGroup;
			children = (
				D3300E562BE11918009EE076 /* UIKitViewControllerWrapper.swift */,
				D3300E5C2BE1196C009EE076 /* PokemonTableViewController.swift */,
				D3300E5D2BE1196C009EE076 /* PokemonTableViewController.xib */,
				D3300E592BE1194A009EE076 /* PokemonCell.swift */,
				D3300E582BE1194A009EE076 /* PokemonCell.xib */,
				D3300E5E2BE1196C009EE076 /* PokemonDetailViewController.swift */,
				D3300E5F2BE1196C009EE076 /* PokemonDetailViewController.xib */,
			);
			path = UIKit;
			sourceTree = "<group>";
		};
		D3300E452BE117DA009EE076 /* SwiftUI */ = {
			isa = PBXGroup;
			children = (
				D3300E462BE11814009EE076 /* SwiftUIView.swift */,
				D3300E482BE11829009EE076 /* PokemonListView.swift */,
				D3300E642BE12046009EE076 /* PokemonItemView.swift */,
				D3300E4A2BE11849009EE076 /* PokemonDetailView.swift */,
			);
			path = SwiftUI;
			sourceTree = "<group>";
		};
		D3300E662BE120CD009EE076 /* Core */ = {
			isa = PBXGroup;
			children = (
				D3300E332BE1172A009EE076 /* SwiftUI_UIKit_InteroperabilityApp.swift */,
				D3300E352BE1172A009EE076 /* ContentView.swift */,
			);
			path = Core;
			sourceTree = "<group>";
		};
/* End PBXGroup section */

/* Begin PBXNativeTarget section */
		D3300E2F2BE1172A009EE076 /* SwiftUI-UIKit-Interoperability */ = {
			isa = PBXNativeTarget;
			buildConfigurationList = D3300E3E2BE1172D009EE076 /* Build configuration list for PBXNativeTarget "SwiftUI-UIKit-Interoperability" */;
			buildPhases = (
				D3300E2C2BE1172A009EE076 /* Sources */,
				D3300E2D2BE1172A009EE076 /* Frameworks */,
				D3300E2E2BE1172A009EE076 /* Resources */,
			);
			buildRules = (
			);
			dependencies = (
			);
			name = "SwiftUI-UIKit-Interoperability";
			productName = "SwiftUI-UIKit-Interoperability";
			productReference = D3300E302BE1172A009EE076 /* SwiftUI-UIKit-Interoperability.app */;
			productType = "com.apple.product-type.application";
		};
/* End PBXNativeTarget section */

/* Begin PBXProject section */
		D3300E282BE1172A009EE076 /* Project object */ = {
			isa = PBXProject;
			attributes = {
				BuildIndependentTargetsInParallel = 1;
				LastSwiftUpdateCheck = 1520;
				LastUpgradeCheck = 1520;
				TargetAttributes = {
					D3300E2F2BE1172A009EE076 = {
						CreatedOnToolsVersion = 15.2;
					};
				};
			};
			buildConfigurationList = D3300E2B2BE1172A009EE076 /* Build configuration list for PBXProject "SwiftUI-UIKit-Interoperability" */;
			compatibilityVersion = "Xcode 14.0";
			developmentRegion = en;
			hasScannedForEncodings = 0;
			knownRegions = (
				en,
				Base,
			);
			mainGroup = D3300E272BE1172A009EE076;
			productRefGroup = D3300E312BE1172A009EE076 /* Products */;
			projectDirPath = "";
			projectRoot = "";
			targets = (
				D3300E2F2BE1172A009EE076 /* SwiftUI-UIKit-Interoperability */,
			);
		};
/* End PBXProject section */

/* Begin PBXResourcesBuildPhase section */
		D3300E2E2BE1172A009EE076 /* Resources */ = {
			isa = PBXResourcesBuildPhase;
			buildActionMask = 2147483647;
			files = (
				D3300E3B2BE1172D009EE076 /* Preview Assets.xcassets in Resources */,
				D3300E382BE1172D009EE076 /* Assets.xcassets in Resources */,
				D3300E5A2BE1194A009EE076 /* PokemonCell.xib in Resources */,
				D3300E612BE1196C009EE076 /* PokemonTableViewController.xib in Resources */,
				D3300E632BE1196C009EE076 /* PokemonDetailViewController.xib in Resources */,
			);
			runOnlyForDeploymentPostprocessing = 0;
		};
/* End PBXResourcesBuildPhase section */

/* Begin PBXSourcesBuildPhase section */
		D3300E2C2BE1172A009EE076 /* Sources */ = {
			isa = PBXSourcesBuildPhase;
			buildActionMask = 2147483647;
			files = (
				D3300E492BE11829009EE076 /* PokemonListView.swift in Sources */,
				D3300E652BE12046009EE076 /* PokemonItemView.swift in Sources */,
				D3300E512BE118A8009EE076 /* Pokemon.swift in Sources */,
				D3300E4D2BE11868009EE076 /* PokemonDataService.swift in Sources */,
				D3300E4B2BE11849009EE076 /* PokemonDetailView.swift in Sources */,
				D3300E602BE1196C009EE076 /* PokemonTableViewController.swift in Sources */,
				D3300E532BE118C4009EE076 /* Response.swift in Sources */,
				D3300E5B2BE1194A009EE076 /* PokemonCell.swift in Sources */,
				D3300E362BE1172A009EE076 /* ContentView.swift in Sources */,
				D3300E552BE118E9009EE076 /* PokemonViewModel.swift in Sources */,
				D3300E622BE1196C009EE076 /* PokemonDetailViewController.swift in Sources */,
				D3300E342BE1172A009EE076 /* SwiftUI_UIKit_InteroperabilityApp.swift in Sources */,
				D3300E572BE11918009EE076 /* UIKitViewControllerWrapper.swift in Sources */,
				D3300E472BE11814009EE076 /* SwiftUIView.swift in Sources */,
				D3300E4F2BE11883009EE076 /* ImageService.swift in Sources */,
			);
			runOnlyForDeploymentPostprocessing = 0;
		};
/* End PBXSourcesBuildPhase section */

/* Begin XCBuildConfiguration section */
		D3300E3C2BE1172D009EE076 /* Debug */ = {
			isa = XCBuildConfiguration;
			buildSettings = {
				ALWAYS_SEARCH_USER_PATHS = NO;
				ASSETCATALOG_COMPILER_GENERATE_SWIFT_ASSET_SYMBOL_EXTENSIONS = YES;
				CLANG_ANALYZER_NONNULL = YES;
				CLANG_ANALYZER_NUMBER_OBJECT_CONVERSION = YES_AGGRESSIVE;
				CLANG_CXX_LANGUAGE_STANDARD = "gnu++20";
				CLANG_ENABLE_MODULES = YES;
				CLANG_ENABLE_OBJC_ARC = YES;
				CLANG_ENABLE_OBJC_WEAK = YES;
				CLANG_WARN_BLOCK_CAPTURE_AUTORELEASING = YES;
				CLANG_WARN_BOOL_CONVERSION = YES;
				CLANG_WARN_COMMA = YES;
				CLANG_WARN_CONSTANT_CONVERSION = YES;
				CLANG_WARN_DEPRECATED_OBJC_IMPLEMENTATIONS = YES;
				CLANG_WARN_DIRECT_OBJC_ISA_USAGE = YES_ERROR;
				CLANG_WARN_DOCUMENTATION_COMMENTS = YES;
				CLANG_WARN_EMPTY_BODY = YES;
				CLANG_WARN_ENUM_CONVERSION = YES;
				CLANG_WARN_INFINITE_RECURSION = YES;
				CLANG_WARN_INT_CONVERSION = YES;
				CLANG_WARN_NON_LITERAL_NULL_CONVERSION = YES;
				CLANG_WARN_OBJC_IMPLICIT_RETAIN_SELF = YES;
				CLANG_WARN_OBJC_LITERAL_CONVERSION = YES;
				CLANG_WARN_OBJC_ROOT_CLASS = YES_ERROR;
				CLANG_WARN_QUOTED_INCLUDE_IN_FRAMEWORK_HEADER = YES;
				CLANG_WARN_RANGE_LOOP_ANALYSIS = YES;
				CLANG_WARN_STRICT_PROTOTYPES = YES;
				CLANG_WARN_SUSPICIOUS_MOVE = YES;
				CLANG_WARN_UNGUARDED_AVAILABILITY = YES_AGGRESSIVE;
				CLANG_WARN_UNREACHABLE_CODE = YES;
				CLANG_WARN__DUPLICATE_METHOD_MATCH = YES;
				COPY_PHASE_STRIP = NO;
				DEBUG_INFORMATION_FORMAT = dwarf;
				ENABLE_STRICT_OBJC_MSGSEND = YES;
				ENABLE_TESTABILITY = YES;
				ENABLE_USER_SCRIPT_SANDBOXING = YES;
				GCC_C_LANGUAGE_STANDARD = gnu17;
				GCC_DYNAMIC_NO_PIC = NO;
				GCC_NO_COMMON_BLOCKS = YES;
				GCC_OPTIMIZATION_LEVEL = 0;
				GCC_PREPROCESSOR_DEFINITIONS = (
					"DEBUG=1",
					"$(inherited)",
				);
				GCC_WARN_64_TO_32_BIT_CONVERSION = YES;
				GCC_WARN_ABOUT_RETURN_TYPE = YES_ERROR;
				GCC_WARN_UNDECLARED_SELECTOR = YES;
				GCC_WARN_UNINITIALIZED_AUTOS = YES_AGGRESSIVE;
				GCC_WARN_UNUSED_FUNCTION = YES;
				GCC_WARN_UNUSED_VARIABLE = YES;
				IPHONEOS_DEPLOYMENT_TARGET = 17.2;
				LOCALIZATION_PREFERS_STRING_CATALOGS = YES;
				MTL_ENABLE_DEBUG_INFO = INCLUDE_SOURCE;
				MTL_FAST_MATH = YES;
				ONLY_ACTIVE_ARCH = YES;
				SDKROOT = iphoneos;
				SWIFT_ACTIVE_COMPILATION_CONDITIONS = "DEBUG $(inherited)";
				SWIFT_OPTIMIZATION_LEVEL = "-Onone";
			};
			name = Debug;
		};
		D3300E3D2BE1172D009EE076 /* Release */ = {
			isa = XCBuildConfiguration;
			buildSettings = {
				ALWAYS_SEARCH_USER_PATHS = NO;
				ASSETCATALOG_COMPILER_GENERATE_SWIFT_ASSET_SYMBOL_EXTENSIONS = YES;
				CLANG_ANALYZER_NONNULL = YES;
				CLANG_ANALYZER_NUMBER_OBJECT_CONVERSION = YES_AGGRESSIVE;
				CLANG_CXX_LANGUAGE_STANDARD = "gnu++20";
				CLANG_ENABLE_MODULES = YES;
				CLANG_ENABLE_OBJC_ARC = YES;
				CLANG_ENABLE_OBJC_WEAK = YES;
				CLANG_WARN_BLOCK_CAPTURE_AUTORELEASING = YES;
				CLANG_WARN_BOOL_CONVERSION = YES;
				CLANG_WARN_COMMA = YES;
				CLANG_WARN_CONSTANT_CONVERSION = YES;
				CLANG_WARN_DEPRECATED_OBJC_IMPLEMENTATIONS = YES;
				CLANG_WARN_DIRECT_OBJC_ISA_USAGE = YES_ERROR;
				CLANG_WARN_DOCUMENTATION_COMMENTS = YES;
				CLANG_WARN_EMPTY_BODY = YES;
				CLANG_WARN_ENUM_CONVERSION = YES;
				CLANG_WARN_INFINITE_RECURSION = YES;
				CLANG_WARN_INT_CONVERSION = YES;
				CLANG_WARN_NON_LITERAL_NULL_CONVERSION = YES;
				CLANG_WARN_OBJC_IMPLICIT_RETAIN_SELF = YES;
				CLANG_WARN_OBJC_LITERAL_CONVERSION = YES;
				CLANG_WARN_OBJC_ROOT_CLASS = YES_ERROR;
				CLANG_WARN_QUOTED_INCLUDE_IN_FRAMEWORK_HEADER = YES;
				CLANG_WARN_RANGE_LOOP_ANALYSIS = YES;
				CLANG_WARN_STRICT_PROTOTYPES = YES;
				CLANG_WARN_SUSPICIOUS_MOVE = YES;
				CLANG_WARN_UNGUARDED_AVAILABILITY = YES_AGGRESSIVE;
				CLANG_WARN_UNREACHABLE_CODE = YES;
				CLANG_WARN__DUPLICATE_METHOD_MATCH = YES;
				COPY_PHASE_STRIP = NO;
				DEBUG_INFORMATION_FORMAT = "dwarf-with-dsym";
				ENABLE_NS_ASSERTIONS = NO;
				ENABLE_STRICT_OBJC_MSGSEND = YES;
				ENABLE_USER_SCRIPT_SANDBOXING = YES;
				GCC_C_LANGUAGE_STANDARD = gnu17;
				GCC_NO_COMMON_BLOCKS = YES;
				GCC_WARN_64_TO_32_BIT_CONVERSION = YES;
				GCC_WARN_ABOUT_RETURN_TYPE = YES_ERROR;
				GCC_WARN_UNDECLARED_SELECTOR = YES;
				GCC_WARN_UNINITIALIZED_AUTOS = YES_AGGRESSIVE;
				GCC_WARN_UNUSED_FUNCTION = YES;
				GCC_WARN_UNUSED_VARIABLE = YES;
				IPHONEOS_DEPLOYMENT_TARGET = 17.2;
				LOCALIZATION_PREFERS_STRING_CATALOGS = YES;
				MTL_ENABLE_DEBUG_INFO = NO;
				MTL_FAST_MATH = YES;
				SDKROOT = iphoneos;
				SWIFT_COMPILATION_MODE = wholemodule;
				VALIDATE_PRODUCT = YES;
			};
			name = Release;
		};
		D3300E3F2BE1172D009EE076 /* Debug */ = {
			isa = XCBuildConfiguration;
			buildSettings = {
				ASSETCATALOG_COMPILER_APPICON_NAME = AppIcon;
				ASSETCATALOG_COMPILER_GLOBAL_ACCENT_COLOR_NAME = AccentColor;
				CODE_SIGN_STYLE = Automatic;
				CURRENT_PROJECT_VERSION = 1;
				DEVELOPMENT_ASSET_PATHS = "\"SwiftUI-UIKit-Interoperability/Preview Content\"";
				DEVELOPMENT_TEAM = 8N8M9HWA9N;
				ENABLE_PREVIEWS = YES;
				GENERATE_INFOPLIST_FILE = YES;
				INFOPLIST_KEY_UIApplicationSceneManifest_Generation = YES;
				INFOPLIST_KEY_UIApplicationSupportsIndirectInputEvents = YES;
				INFOPLIST_KEY_UILaunchScreen_Generation = YES;
				INFOPLIST_KEY_UISupportedInterfaceOrientations = "UIInterfaceOrientationLandscapeLeft UIInterfaceOrientationLandscapeRight UIInterfaceOrientationPortrait";
				INFOPLIST_KEY_UISupportedInterfaceOrientations_iPad = "UIInterfaceOrientationLandscapeLeft UIInterfaceOrientationLandscapeRight UIInterfaceOrientationPortrait UIInterfaceOrientationPortraitUpsideDown";
				IPHONEOS_DEPLOYMENT_TARGET = 16.0;
				LD_RUNPATH_SEARCH_PATHS = (
					"$(inherited)",
					"@executable_path/Frameworks",
				);
				MARKETING_VERSION = 1.0;
				PRODUCT_BUNDLE_IDENTIFIER = "com.canerates.SwiftUI-UIKit-Interoperability";
				PRODUCT_NAME = "$(TARGET_NAME)";
				SUPPORTED_PLATFORMS = "iphoneos iphonesimulator";
				SUPPORTS_MACCATALYST = NO;
				SUPPORTS_MAC_DESIGNED_FOR_IPHONE_IPAD = NO;
				SUPPORTS_XR_DESIGNED_FOR_IPHONE_IPAD = NO;
				SWIFT_EMIT_LOC_STRINGS = YES;
				SWIFT_VERSION = 5.0;
				TARGETED_DEVICE_FAMILY = 1;
			};
			name = Debug;
		};
		D3300E402BE1172D009EE076 /* Release */ = {
			isa = XCBuildConfiguration;
			buildSettings = {
				ASSETCATALOG_COMPILER_APPICON_NAME = AppIcon;
				ASSETCATALOG_COMPILER_GLOBAL_ACCENT_COLOR_NAME = AccentColor;
				CODE_SIGN_STYLE = Automatic;
				CURRENT_PROJECT_VERSION = 1;
				DEVELOPMENT_ASSET_PATHS = "\"SwiftUI-UIKit-Interoperability/Preview Content\"";
				DEVELOPMENT_TEAM = 8N8M9HWA9N;
				ENABLE_PREVIEWS = YES;
				GENERATE_INFOPLIST_FILE = YES;
				INFOPLIST_KEY_UIApplicationSceneManifest_Generation = YES;
				INFOPLIST_KEY_UIApplicationSupportsIndirectInputEvents = YES;
				INFOPLIST_KEY_UILaunchScreen_Generation = YES;
				INFOPLIST_KEY_UISupportedInterfaceOrientations = "UIInterfaceOrientationLandscapeLeft UIInterfaceOrientationLandscapeRight UIInterfaceOrientationPortrait";
				INFOPLIST_KEY_UISupportedInterfaceOrientations_iPad = "UIInterfaceOrientationLandscapeLeft UIInterfaceOrientationLandscapeRight UIInterfaceOrientationPortrait UIInterfaceOrientationPortraitUpsideDown";
				IPHONEOS_DEPLOYMENT_TARGET = 16.0;
				LD_RUNPATH_SEARCH_PATHS = (
					"$(inherited)",
					"@executable_path/Frameworks",
				);
				MARKETING_VERSION = 1.0;
				PRODUCT_BUNDLE_IDENTIFIER = "com.canerates.SwiftUI-UIKit-Interoperability";
				PRODUCT_NAME = "$(TARGET_NAME)";
				SUPPORTED_PLATFORMS = "iphoneos iphonesimulator";
				SUPPORTS_MACCATALYST = NO;
				SUPPORTS_MAC_DESIGNED_FOR_IPHONE_IPAD = NO;
				SUPPORTS_XR_DESIGNED_FOR_IPHONE_IPAD = NO;
				SWIFT_EMIT_LOC_STRINGS = YES;
				SWIFT_VERSION = 5.0;
				TARGETED_DEVICE_FAMILY = 1;
			};
			name = Release;
		};
/* End XCBuildConfiguration section */

/* Begin XCConfigurationList section */
		D3300E2B2BE1172A009EE076 /* Build configuration list for PBXProject "SwiftUI-UIKit-Interoperability" */ = {
			isa = XCConfigurationList;
			buildConfigurations = (
				D3300E3C2BE1172D009EE076 /* Debug */,
				D3300E3D2BE1172D009EE076 /* Release */,
			);
			defaultConfigurationIsVisible = 0;
			defaultConfigurationName = Release;
		};
		D3300E3E2BE1172D009EE076 /* Build configuration list for PBXNativeTarget "SwiftUI-UIKit-Interoperability" */ = {
			isa = XCConfigurationList;
			buildConfigurations = (
				D3300E3F2BE1172D009EE076 /* Debug */,
				D3300E402BE1172D009EE076 /* Release */,
			);
			defaultConfigurationIsVisible = 0;
			defaultConfigurationName = Release;
		};
/* End XCConfigurationList section */
	};
	rootObject = D3300E282BE1172A009EE076 /* Project object */;
}
